
Microsoft Visual Studio Solution File, Format Version 12.00
# Visual Studio Version 17
VisualStudioVersion = 17.7.34031.279
MinimumVisualStudioVersion = 10.0.40219.1
Project("{888888A0-9F3D-457C-B088-3A5042F75D52}") = "AsiaPskov", "AsiaPskov.pyproj", "{BE503D4C-910B-42C9-8015-BBA876519ADB}"
EndProject
Global
	GlobalSection(SolutionConfigurationPlatforms) = preSolution
		Debug|Any CPU = Debug|Any CPU
		Release|Any CPU = Release|Any CPU
	EndGlobalSection
	GlobalSection(ProjectConfigurationPlatforms) = postSolution
		{BE503D4C-910B-42C9-8015-BBA876519ADB}.Debug|Any CPU.ActiveCfg = Debug|Any CPU
		{BE503D4C-910B-42C9-8015-BBA876519ADB}.Debug|Any CPU.Build.0 = Debug|Any CPU
		{BE503D4C-910B-42C9-8015-BBA876519ADB}.Release|Any CPU.ActiveCfg = Release|Any CPU
		{BE503D4C-910B-42C9-8015-BBA876519ADB}.Release|Any CPU.Build.0 = Release|Any CPU
	EndGlobalSection
	GlobalSection(SolutionProperties) = preSolution
		HideSolutionNode = FALSE
	EndGlobalSection
	GlobalSection(ExtensibilityGlobals) = postSolution
		SolutionGuid = {46F6227B-7EE5-40E8-BFAD-39D4B43643A9}
	EndGlobalSection
EndGlobal
